
Microsoft Visual Studio Solution File, Format Version 12.00
# Visual Studio Version 16
VisualStudioVersion = 16.0.31205.134
MinimumVisualStudioVersion = 10.0.40219.1
Project("{FAE04EC0-301F-11D3-BF4B-00C04F79EFBC}") = "VaccinationManagementSystem", "VaccinationManagementSystem\VaccinationManagementSystem.csproj", "{E14D7C1B-1F6B-41F7-B7D4-E8F3606EBDDD}"
EndProject
Project("{FAE04EC0-301F-11D3-BF4B-00C04F79EFBC}") = "DAL", "DAL\DAL.csproj", "{64758EC2-3D71-470A-A421-3A2A67FB607B}"
EndProject
Project("{FAE04EC0-301F-11D3-BF4B-00C04F79EFBC}") = "BLL", "BLL\BLL.csproj", "{6949CDD0-562C-4E3D-BF24-590FA5E0E436}"
EndProject
Project("{2150E333-8FDC-42A3-9474-1A3956D46DE8}") = "Solution Items", "Solution Items", "{EB924DDD-0C24-46FB-9DEA-705DFD3EF316}"
	ProjectSection(SolutionItems) = preProject
		.gitignore = .gitignore
	EndProjectSection
EndProject
Global
	GlobalSection(SolutionConfigurationPlatforms) = preSolution
		Debug|Any CPU = Debug|Any CPU
		Release|Any CPU = Release|Any CPU
	EndGlobalSection
	GlobalSection(ProjectConfigurationPlatforms) = postSolution
		{E14D7C1B-1F6B-41F7-B7D4-E8F3606EBDDD}.Debug|Any CPU.ActiveCfg = Debug|Any CPU
		{E14D7C1B-1F6B-41F7-B7D4-E8F3606EBDDD}.Debug|Any CPU.Build.0 = Debug|Any CPU
		{E14D7C1B-1F6B-41F7-B7D4-E8F3606EBDDD}.Release|Any CPU.ActiveCfg = Release|Any CPU
		{E14D7C1B-1F6B-41F7-B7D4-E8F3606EBDDD}.Release|Any CPU.Build.0 = Release|Any CPU
		{64758EC2-3D71-470A-A421-3A2A67FB607B}.Debug|Any CPU.ActiveCfg = Debug|Any CPU
		{64758EC2-3D71-470A-A421-3A2A67FB607B}.Debug|Any CPU.Build.0 = Debug|Any CPU
		{64758EC2-3D71-470A-A421-3A2A67FB607B}.Release|Any CPU.ActiveCfg = Release|Any CPU
		{64758EC2-3D71-470A-A421-3A2A67FB607B}.Release|Any CPU.Build.0 = Release|Any CPU
		{6949CDD0-562C-4E3D-BF24-590FA5E0E436}.Debug|Any CPU.ActiveCfg = Debug|Any CPU
		{6949CDD0-562C-4E3D-BF24-590FA5E0E436}.Debug|Any CPU.Build.0 = Debug|Any CPU
		{6949CDD0-562C-4E3D-BF24-590FA5E0E436}.Release|Any CPU.ActiveCfg = Release|Any CPU
		{6949CDD0-562C-4E3D-BF24-590FA5E0E436}.Release|Any CPU.Build.0 = Release|Any CPU
	EndGlobalSection
	GlobalSection(SolutionProperties) = preSolution
		HideSolutionNode = FALSE
	EndGlobalSection
	GlobalSection(ExtensibilityGlobals) = postSolution
		SolutionGuid = {AB84B784-B204-4DD4-AFBF-D3DB03EB6EBA}
	EndGlobalSection
EndGlobal
